
Microsoft Visual Studio Solution File, Format Version 12.00
# Visual Studio Version 17
VisualStudioVersion = 17.0.31903.59
MinimumVisualStudioVersion = 10.0.40219.1
Project("{2150E333-8FDC-42A3-9474-1A3956D46DE8}") = "Boldsteps", "Boldsteps", "{F6BE28EA-66D0-CA99-0965-859B6D91ADCD}"
EndProject
Project("{FAE04EC0-301F-11D3-BF4B-00C04F79EFBC}") = "Boldsteps", "Boldsteps\Boldsteps\Boldsteps.csproj", "{B1211D9B-A9E1-4997-936E-34561244E589}"
EndProject
Project("{FAE04EC0-301F-11D3-BF4B-00C04F79EFBC}") = "Boldsteps.Shared", "Boldsteps\Boldsteps.Shared\Boldsteps.Shared.csproj", "{FFB044AE-3F1E-4552-AE93-13BF487CC7F6}"
EndProject
Project("{FAE04EC0-301F-11D3-BF4B-00C04F79EFBC}") = "Boldsteps.Web", "Boldsteps\Boldsteps.Web\Boldsteps.Web.csproj", "{8414FC23-05D5-48A4-BBE1-C179DB3DD1AE}"
EndProject
Project("{FAE04EC0-301F-11D3-BF4B-00C04F79EFBC}") = "Boldsteps.Web.Client", "Boldsteps\Boldsteps.Web.Client\Boldsteps.Web.Client.csproj", "{7AE9669A-B0B3-410A-A135-01A187B514DE}"
EndProject
Global
	GlobalSection(SolutionConfigurationPlatforms) = preSolution
		Debug|Any CPU = Debug|Any CPU
		Debug|x64 = Debug|x64
		Debug|x86 = Debug|x86
		Release|Any CPU = Release|Any CPU
		Release|x64 = Release|x64
		Release|x86 = Release|x86
	EndGlobalSection
	GlobalSection(ProjectConfigurationPlatforms) = postSolution
		{B1211D9B-A9E1-4997-936E-34561244E589}.Debug|Any CPU.ActiveCfg = Debug|Any CPU
		{B1211D9B-A9E1-4997-936E-34561244E589}.Debug|Any CPU.Build.0 = Debug|Any CPU
		{B1211D9B-A9E1-4997-936E-34561244E589}.Debug|x64.ActiveCfg = Debug|Any CPU
		{B1211D9B-A9E1-4997-936E-34561244E589}.Debug|x64.Build.0 = Debug|Any CPU
		{B1211D9B-A9E1-4997-936E-34561244E589}.Debug|x86.ActiveCfg = Debug|Any CPU
		{B1211D9B-A9E1-4997-936E-34561244E589}.Debug|x86.Build.0 = Debug|Any CPU
		{B1211D9B-A9E1-4997-936E-34561244E589}.Release|Any CPU.ActiveCfg = Release|Any CPU
		{B1211D9B-A9E1-4997-936E-34561244E589}.Release|Any CPU.Build.0 = Release|Any CPU
		{B1211D9B-A9E1-4997-936E-34561244E589}.Release|x64.ActiveCfg = Release|Any CPU
		{B1211D9B-A9E1-4997-936E-34561244E589}.Release|x64.Build.0 = Release|Any CPU
		{B1211D9B-A9E1-4997-936E-34561244E589}.Release|x86.ActiveCfg = Release|Any CPU
		{B1211D9B-A9E1-4997-936E-34561244E589}.Release|x86.Build.0 = Release|Any CPU
		{FFB044AE-3F1E-4552-AE93-13BF487CC7F6}.Debug|Any CPU.ActiveCfg = Debug|Any CPU
		{FFB044AE-3F1E-4552-AE93-13BF487CC7F6}.Debug|Any CPU.Build.0 = Debug|Any CPU
		{FFB044AE-3F1E-4552-AE93-13BF487CC7F6}.Debug|x64.ActiveCfg = Debug|Any CPU
		{FFB044AE-3F1E-4552-AE93-13BF487CC7F6}.Debug|x64.Build.0 = Debug|Any CPU
		{FFB044AE-3F1E-4552-AE93-13BF487CC7F6}.Debug|x86.ActiveCfg = Debug|Any CPU
		{FFB044AE-3F1E-4552-AE93-13BF487CC7F6}.Debug|x86.Build.0 = Debug|Any CPU
		{FFB044AE-3F1E-4552-AE93-13BF487CC7F6}.Release|Any CPU.ActiveCfg = Release|Any CPU
		{FFB044AE-3F1E-4552-AE93-13BF487CC7F6}.Release|Any CPU.Build.0 = Release|Any CPU
		{FFB044AE-3F1E-4552-AE93-13BF487CC7F6}.Release|x64.ActiveCfg = Release|Any CPU
		{FFB044AE-3F1E-4552-AE93-13BF487CC7F6}.Release|x64.Build.0 = Release|Any CPU
		{FFB044AE-3F1E-4552-AE93-13BF487CC7F6}.Release|x86.ActiveCfg = Release|Any CPU
		{FFB044AE-3F1E-4552-AE93-13BF487CC7F6}.Release|x86.Build.0 = Release|Any CPU
		{8414FC23-05D5-48A4-BBE1-C179DB3DD1AE}.Debug|Any CPU.ActiveCfg = Debug|Any CPU
		{8414FC23-05D5-48A4-BBE1-C179DB3DD1AE}.Debug|Any CPU.Build.0 = Debug|Any CPU
		{8414FC23-05D5-48A4-BBE1-C179DB3DD1AE}.Debug|x64.ActiveCfg = Debug|Any CPU
		{8414FC23-05D5-48A4-BBE1-C179DB3DD1AE}.Debug|x64.Build.0 = Debug|Any CPU
		{8414FC23-05D5-48A4-BBE1-C179DB3DD1AE}.Debug|x86.ActiveCfg = Debug|Any CPU
		{8414FC23-05D5-48A4-BBE1-C179DB3DD1AE}.Debug|x86.Build.0 = Debug|Any CPU
		{8414FC23-05D5-48A4-BBE1-C179DB3DD1AE}.Release|Any CPU.ActiveCfg = Release|Any CPU
		{8414FC23-05D5-48A4-BBE1-C179DB3DD1AE}.Release|Any CPU.Build.0 = Release|Any CPU
		{8414FC23-05D5-48A4-BBE1-C179DB3DD1AE}.Release|x64.ActiveCfg = Release|Any CPU
		{8414FC23-05D5-48A4-BBE1-C179DB3DD1AE}.Release|x64.Build.0 = Release|Any CPU
		{8414FC23-05D5-48A4-BBE1-C179DB3DD1AE}.Release|x86.ActiveCfg = Release|Any CPU
		{8414FC23-05D5-48A4-BBE1-C179DB3DD1AE}.Release|x86.Build.0 = Release|Any CPU
		{7AE9669A-B0B3-410A-A135-01A187B514DE}.Debug|Any CPU.ActiveCfg = Debug|Any CPU
		{7AE9669A-B0B3-410A-A135-01A187B514DE}.Debug|Any CPU.Build.0 = Debug|Any CPU
		{7AE9669A-B0B3-410A-A135-01A187B514DE}.Debug|x64.ActiveCfg = Debug|Any CPU
		{7AE9669A-B0B3-410A-A135-01A187B514DE}.Debug|x64.Build.0 = Debug|Any CPU
		{7AE9669A-B0B3-410A-A135-01A187B514DE}.Debug|x86.ActiveCfg = Debug|Any CPU
		{7AE9669A-B0B3-410A-A135-01A187B514DE}.Debug|x86.Build.0 = Debug|Any CPU
		{7AE9669A-B0B3-410A-A135-01A187B514DE}.Release|Any CPU.ActiveCfg = Release|Any CPU
		{7AE9669A-B0B3-410A-A135-01A187B514DE}.Release|Any CPU.Build.0 = Release|Any CPU
		{7AE9669A-B0B3-410A-A135-01A187B514DE}.Release|x64.ActiveCfg = Release|Any CPU
		{7AE9669A-B0B3-410A-A135-01A187B514DE}.Release|x64.Build.0 = Release|Any CPU
		{7AE9669A-B0B3-410A-A135-01A187B514DE}.Release|x86.ActiveCfg = Release|Any CPU
		{7AE9669A-B0B3-410A-A135-01A187B514DE}.Release|x86.Build.0 = Release|Any CPU
	EndGlobalSection
	GlobalSection(SolutionProperties) = preSolution
		HideSolutionNode = FALSE
	EndGlobalSection
	GlobalSection(NestedProjects) = preSolution
		{B1211D9B-A9E1-4997-936E-34561244E589} = {F6BE28EA-66D0-CA99-0965-859B6D91ADCD}
		{FFB044AE-3F1E-4552-AE93-13BF487CC7F6} = {F6BE28EA-66D0-CA99-0965-859B6D91ADCD}
		{8414FC23-05D5-48A4-BBE1-C179DB3DD1AE} = {F6BE28EA-66D0-CA99-0965-859B6D91ADCD}
		{7AE9669A-B0B3-410A-A135-01A187B514DE} = {F6BE28EA-66D0-CA99-0965-859B6D91ADCD}
	EndGlobalSection
EndGlobal
